// !$*UTF8*$!
{
	archiveVersion = 1;
	classes = {
	};
	objectVersion = 46;
	objects = {

/* Begin PBXBuildFile section */
		68B5AE375C25FA93A0692BE5 /* Pods_SM_Hacks.framework in Frameworks */ = {isa = PBXBuildFile; fileRef = DFCEFF0D56E2EEB64D97EB02 /* Pods_SM_Hacks.framework */; };
		CE7E5D06817655EC4D36B960 /* Pods_SM_HacksUITests.framework in Frameworks */ = {isa = PBXBuildFile; fileRef = 71B7F0E1F5BE1951D953B315 /* Pods_SM_HacksUITests.framework */; };
		EE02BAA713DBC71FA8F4C69F /* Pods_SM_HacksTests.framework in Frameworks */ = {isa = PBXBuildFile; fileRef = 5C56D3F48119B403C51B8BEF /* Pods_SM_HacksTests.framework */; };
		F0071F761E1CE7E200148A72 /* floor-plan.png in Resources */ = {isa = PBXBuildFile; fileRef = F0071F751E1CE7E200148A72 /* floor-plan.png */; };
		F0229E191E1B69FC00C6622D /* AppDelegate.swift in Sources */ = {isa = PBXBuildFile; fileRef = F0229E181E1B69FC00C6622D /* AppDelegate.swift */; };
		F0229E201E1B69FC00C6622D /* Main.storyboard in Resources */ = {isa = PBXBuildFile; fileRef = F0229E1E1E1B69FC00C6622D /* Main.storyboard */; };
		F0229E221E1B69FC00C6622D /* Assets.xcassets in Resources */ = {isa = PBXBuildFile; fileRef = F0229E211E1B69FC00C6622D /* Assets.xcassets */; };
		F0229E251E1B69FC00C6622D /* LaunchScreen.storyboard in Resources */ = {isa = PBXBuildFile; fileRef = F0229E231E1B69FC00C6622D /* LaunchScreen.storyboard */; };
		F0229E301E1B69FC00C6622D /* SM_HacksTests.swift in Sources */ = {isa = PBXBuildFile; fileRef = F0229E2F1E1B69FC00C6622D /* SM_HacksTests.swift */; };
		F0229E3B1E1B69FC00C6622D /* SM_HacksUITests.swift in Sources */ = {isa = PBXBuildFile; fileRef = F0229E3A1E1B69FC00C6622D /* SM_HacksUITests.swift */; };
		F0229E4D1E1B705400C6622D /* ScheduleViewController.swift in Sources */ = {isa = PBXBuildFile; fileRef = F0229E4C1E1B705300C6622D /* ScheduleViewController.swift */; };
		F0229E501E1B707F00C6622D /* HomeViewController.swift in Sources */ = {isa = PBXBuildFile; fileRef = F0229E4F1E1B707F00C6622D /* HomeViewController.swift */; };
		F0229E521E1B708F00C6622D /* UpdatesViewController.swift in Sources */ = {isa = PBXBuildFile; fileRef = F0229E511E1B708F00C6622D /* UpdatesViewController.swift */; };
		F0229E541E1B709700C6622D /* MapViewController.swift in Sources */ = {isa = PBXBuildFile; fileRef = F0229E531E1B709700C6622D /* MapViewController.swift */; };
		F045A7DF1E1F59F100E2C0C7 /* floorplan.jpg in Resources */ = {isa = PBXBuildFile; fileRef = F045A7DE1E1F59F100E2C0C7 /* floorplan.jpg */; };
		F045A7E11E1F620900E2C0C7 /* MapKit.framework in Frameworks */ = {isa = PBXBuildFile; fileRef = F045A7E01E1F620900E2C0C7 /* MapKit.framework */; };
		F045A7E31E1F627600E2C0C7 /* GoogleToolboxForMac.framework in Frameworks */ = {isa = PBXBuildFile; fileRef = F045A7E21E1F627600E2C0C7 /* GoogleToolboxForMac.framework */; };
		F0A2323B1E1C39F7009F6A7B /* TabController.swift in Sources */ = {isa = PBXBuildFile; fileRef = F0A2323A1E1C39F7009F6A7B /* TabController.swift */; };
		F0CF2BAC1E1C5D9F0012245F /* DetailScheduleViewController.swift in Sources */ = {isa = PBXBuildFile; fileRef = F0CF2BAB1E1C5D9F0012245F /* DetailScheduleViewController.swift */; };
		F0EF02761E1DA2CD00C5CFBA /* UserNotifications.framework in Frameworks */ = {isa = PBXBuildFile; fileRef = F0EF02751E1DA2CD00C5CFBA /* UserNotifications.framework */; };
		F0F08D821E1E409D002B589D /* Alamofire.framework in Frameworks */ = {isa = PBXBuildFile; fileRef = F0F08D811E1E409D002B589D /* Alamofire.framework */; };
		F0F9553F1E1DC0BE00DFB739 /* GoogleService-Info.plist in Resources */ = {isa = PBXBuildFile; fileRef = F0F9553E1E1DC0BE00DFB739 /* GoogleService-Info.plist */; };
/* End PBXBuildFile section */

/* Begin PBXContainerItemProxy section */
		F0229E2C1E1B69FC00C6622D /* PBXContainerItemProxy */ = {
			isa = PBXContainerItemProxy;
			containerPortal = F0229E0D1E1B69FC00C6622D /* Project object */;
			proxyType = 1;
			remoteGlobalIDString = F0229E141E1B69FC00C6622D;
			remoteInfo = "SM Hacks";
		};
		F0229E371E1B69FC00C6622D /* PBXContainerItemProxy */ = {
			isa = PBXContainerItemProxy;
			containerPortal = F0229E0D1E1B69FC00C6622D /* Project object */;
			proxyType = 1;
			remoteGlobalIDString = F0229E141E1B69FC00C6622D;
			remoteInfo = "SM Hacks";
		};
/* End PBXContainerItemProxy section */

/* Begin PBXFileReference section */
		0E015BE87C7966C500DA36E1 /* Pods-SM HacksTests.debug.xcconfig */ = {isa = PBXFileReference; includeInIndex = 1; lastKnownFileType = text.xcconfig; name = "Pods-SM HacksTests.debug.xcconfig"; path = "Pods/Target Support Files/Pods-SM HacksTests/Pods-SM HacksTests.debug.xcconfig"; sourceTree = "<group>"; };
		13B672144CC6EDE5DB653B84 /* Pods-SM Hacks.release.xcconfig */ = {isa = PBXFileReference; includeInIndex = 1; lastKnownFileType = text.xcconfig; name = "Pods-SM Hacks.release.xcconfig"; path = "Pods/Target Support Files/Pods-SM Hacks/Pods-SM Hacks.release.xcconfig"; sourceTree = "<group>"; };
		2738F4D1DB8DBC99BF09E149 /* Pods-SM HacksUITests.release.xcconfig */ = {isa = PBXFileReference; includeInIndex = 1; lastKnownFileType = text.xcconfig; name = "Pods-SM HacksUITests.release.xcconfig"; path = "Pods/Target Support Files/Pods-SM HacksUITests/Pods-SM HacksUITests.release.xcconfig"; sourceTree = "<group>"; };
		5C56D3F48119B403C51B8BEF /* Pods_SM_HacksTests.framework */ = {isa = PBXFileReference; explicitFileType = wrapper.framework; includeInIndex = 0; path = Pods_SM_HacksTests.framework; sourceTree = BUILT_PRODUCTS_DIR; };
		71B7F0E1F5BE1951D953B315 /* Pods_SM_HacksUITests.framework */ = {isa = PBXFileReference; explicitFileType = wrapper.framework; includeInIndex = 0; path = Pods_SM_HacksUITests.framework; sourceTree = BUILT_PRODUCTS_DIR; };
		B23723B8A1D3F79614C393C2 /* Pods-SM HacksUITests.debug.xcconfig */ = {isa = PBXFileReference; includeInIndex = 1; lastKnownFileType = text.xcconfig; name = "Pods-SM HacksUITests.debug.xcconfig"; path = "Pods/Target Support Files/Pods-SM HacksUITests/Pods-SM HacksUITests.debug.xcconfig"; sourceTree = "<group>"; };
		B8C88BFF87AC39B90015D8AC /* Pods-SM Hacks.debug.xcconfig */ = {isa = PBXFileReference; includeInIndex = 1; lastKnownFileType = text.xcconfig; name = "Pods-SM Hacks.debug.xcconfig"; path = "Pods/Target Support Files/Pods-SM Hacks/Pods-SM Hacks.debug.xcconfig"; sourceTree = "<group>"; };
		DFCEFF0D56E2EEB64D97EB02 /* Pods_SM_Hacks.framework */ = {isa = PBXFileReference; explicitFileType = wrapper.framework; includeInIndex = 0; path = Pods_SM_Hacks.framework; sourceTree = BUILT_PRODUCTS_DIR; };
		F0071F751E1CE7E200148A72 /* floor-plan.png */ = {isa = PBXFileReference; lastKnownFileType = image.png; name = "floor-plan.png"; path = "Assets.xcassets/FloorPlan.imageset/floor-plan.png"; sourceTree = "<group>"; };
		F0229E151E1B69FC00C6622D /* SM Hacks.app */ = {isa = PBXFileReference; explicitFileType = wrapper.application; includeInIndex = 0; path = "SM Hacks.app"; sourceTree = BUILT_PRODUCTS_DIR; };
		F0229E181E1B69FC00C6622D /* AppDelegate.swift */ = {isa = PBXFileReference; lastKnownFileType = sourcecode.swift; path = AppDelegate.swift; sourceTree = "<group>"; };
		F0229E1F1E1B69FC00C6622D /* Base */ = {isa = PBXFileReference; lastKnownFileType = file.storyboard; name = Base; path = Base.lproj/Main.storyboard; sourceTree = "<group>"; };
		F0229E211E1B69FC00C6622D /* Assets.xcassets */ = {isa = PBXFileReference; lastKnownFileType = folder.assetcatalog; path = Assets.xcassets; sourceTree = "<group>"; };
		F0229E241E1B69FC00C6622D /* Base */ = {isa = PBXFileReference; lastKnownFileType = file.storyboard; name = Base; path = Base.lproj/LaunchScreen.storyboard; sourceTree = "<group>"; };
		F0229E261E1B69FC00C6622D /* Info.plist */ = {isa = PBXFileReference; lastKnownFileType = text.plist.xml; path = Info.plist; sourceTree = "<group>"; };
		F0229E2B1E1B69FC00C6622D /* SM HacksTests.xctest */ = {isa = PBXFileReference; explicitFileType = wrapper.cfbundle; includeInIndex = 0; path = "SM HacksTests.xctest"; sourceTree = BUILT_PRODUCTS_DIR; };
		F0229E2F1E1B69FC00C6622D /* SM_HacksTests.swift */ = {isa = PBXFileReference; lastKnownFileType = sourcecode.swift; path = SM_HacksTests.swift; sourceTree = "<group>"; };
		F0229E311E1B69FC00C6622D /* Info.plist */ = {isa = PBXFileReference; lastKnownFileType = text.plist.xml; path = Info.plist; sourceTree = "<group>"; };
		F0229E361E1B69FC00C6622D /* SM HacksUITests.xctest */ = {isa = PBXFileReference; explicitFileType = wrapper.cfbundle; includeInIndex = 0; path = "SM HacksUITests.xctest"; sourceTree = BUILT_PRODUCTS_DIR; };
		F0229E3A1E1B69FC00C6622D /* SM_HacksUITests.swift */ = {isa = PBXFileReference; lastKnownFileType = sourcecode.swift; path = SM_HacksUITests.swift; sourceTree = "<group>"; };
		F0229E3C1E1B69FC00C6622D /* Info.plist */ = {isa = PBXFileReference; lastKnownFileType = text.plist.xml; path = Info.plist; sourceTree = "<group>"; };
		F0229E4C1E1B705300C6622D /* ScheduleViewController.swift */ = {isa = PBXFileReference; fileEncoding = 4; lastKnownFileType = sourcecode.swift; name = ScheduleViewController.swift; path = ViewControllers/ScheduleViewController.swift; sourceTree = "<group>"; };
		F0229E4F1E1B707F00C6622D /* HomeViewController.swift */ = {isa = PBXFileReference; fileEncoding = 4; lastKnownFileType = sourcecode.swift; name = HomeViewController.swift; path = ViewControllers/HomeViewController.swift; sourceTree = "<group>"; };
		F0229E511E1B708F00C6622D /* UpdatesViewController.swift */ = {isa = PBXFileReference; fileEncoding = 4; lastKnownFileType = sourcecode.swift; name = UpdatesViewController.swift; path = ViewControllers/UpdatesViewController.swift; sourceTree = "<group>"; };
		F0229E531E1B709700C6622D /* MapViewController.swift */ = {isa = PBXFileReference; fileEncoding = 4; lastKnownFileType = sourcecode.swift; name = MapViewController.swift; path = ViewControllers/MapViewController.swift; sourceTree = "<group>"; };
		F045A7DE1E1F59F100E2C0C7 /* floorplan.jpg */ = {isa = PBXFileReference; lastKnownFileType = image.jpeg; path = floorplan.jpg; sourceTree = "<group>"; };
		F045A7E01E1F620900E2C0C7 /* MapKit.framework */ = {isa = PBXFileReference; lastKnownFileType = wrapper.framework; name = MapKit.framework; path = System/Library/Frameworks/MapKit.framework; sourceTree = SDKROOT; };
		F045A7E21E1F627600E2C0C7 /* GoogleToolboxForMac.framework */ = {isa = PBXFileReference; lastKnownFileType = wrapper.framework; name = GoogleToolboxForMac.framework; path = "../../../Library/Developer/Xcode/DerivedData/SM_Hacks-ddhstrwefdjnhzbsygdqjtuzktlm/Build/Products/Debug-iphoneos/GoogleToolboxForMac/GoogleToolboxForMac.framework"; sourceTree = "<group>"; };
		F0A2323A1E1C39F7009F6A7B /* TabController.swift */ = {isa = PBXFileReference; fileEncoding = 4; lastKnownFileType = sourcecode.swift; name = TabController.swift; path = ViewControllers/TabController.swift; sourceTree = "<group>"; };
		F0CF2BAB1E1C5D9F0012245F /* DetailScheduleViewController.swift */ = {isa = PBXFileReference; fileEncoding = 4; lastKnownFileType = sourcecode.swift; name = DetailScheduleViewController.swift; path = ViewControllers/DetailScheduleViewController.swift; sourceTree = "<group>"; };
		F0EF02731E1DA11400C5CFBA /* SM Hacks.entitlements */ = {isa = PBXFileReference; lastKnownFileType = text.plist.entitlements; path = "SM Hacks.entitlements"; sourceTree = "<group>"; };
		F0EF02751E1DA2CD00C5CFBA /* UserNotifications.framework */ = {isa = PBXFileReference; lastKnownFileType = wrapper.framework; name = UserNotifications.framework; path = System/Library/Frameworks/UserNotifications.framework; sourceTree = SDKROOT; };
		F0F08D811E1E409D002B589D /* Alamofire.framework */ = {isa = PBXFileReference; lastKnownFileType = wrapper.framework; name = Alamofire.framework; path = "../../../Library/Developer/Xcode/DerivedData/SM_Hacks-ddhstrwefdjnhzbsygdqjtuzktlm/Build/Products/Debug-iphoneos/Alamofire/Alamofire.framework"; sourceTree = "<group>"; };
		F0F9553E1E1DC0BE00DFB739 /* GoogleService-Info.plist */ = {isa = PBXFileReference; fileEncoding = 4; lastKnownFileType = text.plist.xml; path = "GoogleService-Info.plist"; sourceTree = "<group>"; };
		FCA86D849A700800E3914017 /* Pods-SM HacksTests.release.xcconfig */ = {isa = PBXFileReference; includeInIndex = 1; lastKnownFileType = text.xcconfig; name = "Pods-SM HacksTests.release.xcconfig"; path = "Pods/Target Support Files/Pods-SM HacksTests/Pods-SM HacksTests.release.xcconfig"; sourceTree = "<group>"; };
/* End PBXFileReference section */

/* Begin PBXFrameworksBuildPhase section */
		F0229E121E1B69FC00C6622D /* Frameworks */ = {
			isa = PBXFrameworksBuildPhase;
			buildActionMask = 2147483647;
			files = (
				F045A7E31E1F627600E2C0C7 /* GoogleToolboxForMac.framework in Frameworks */,
				F045A7E11E1F620900E2C0C7 /* MapKit.framework in Frameworks */,
				F0F08D821E1E409D002B589D /* Alamofire.framework in Frameworks */,
				F0EF02761E1DA2CD00C5CFBA /* UserNotifications.framework in Frameworks */,
				68B5AE375C25FA93A0692BE5 /* Pods_SM_Hacks.framework in Frameworks */,
			);
			runOnlyForDeploymentPostprocessing = 0;
		};
		F0229E281E1B69FC00C6622D /* Frameworks */ = {
			isa = PBXFrameworksBuildPhase;
			buildActionMask = 2147483647;
			files = (
				EE02BAA713DBC71FA8F4C69F /* Pods_SM_HacksTests.framework in Frameworks */,
			);
			runOnlyForDeploymentPostprocessing = 0;
		};
		F0229E331E1B69FC00C6622D /* Frameworks */ = {
			isa = PBXFrameworksBuildPhase;
			buildActionMask = 2147483647;
			files = (
				CE7E5D06817655EC4D36B960 /* Pods_SM_HacksUITests.framework in Frameworks */,
			);
			runOnlyForDeploymentPostprocessing = 0;
		};
/* End PBXFrameworksBuildPhase section */

/* Begin PBXGroup section */
		43A005D082E0F4B32DE8328F /* Pods */ = {
			isa = PBXGroup;
			children = (
				B8C88BFF87AC39B90015D8AC /* Pods-SM Hacks.debug.xcconfig */,
				13B672144CC6EDE5DB653B84 /* Pods-SM Hacks.release.xcconfig */,
				0E015BE87C7966C500DA36E1 /* Pods-SM HacksTests.debug.xcconfig */,
				FCA86D849A700800E3914017 /* Pods-SM HacksTests.release.xcconfig */,
				B23723B8A1D3F79614C393C2 /* Pods-SM HacksUITests.debug.xcconfig */,
				2738F4D1DB8DBC99BF09E149 /* Pods-SM HacksUITests.release.xcconfig */,
			);
			name = Pods;
			sourceTree = "<group>";
		};
		F0229E0C1E1B69FC00C6622D = {
			isa = PBXGroup;
			children = (
				F0229E171E1B69FC00C6622D /* SM Hacks */,
				F0229E2E1E1B69FC00C6622D /* SM HacksTests */,
				F0229E391E1B69FC00C6622D /* SM HacksUITests */,
				F0229E161E1B69FC00C6622D /* Products */,
				F0EF02741E1DA2CD00C5CFBA /* Frameworks */,
				43A005D082E0F4B32DE8328F /* Pods */,
			);
			sourceTree = "<group>";
		};
		F0229E161E1B69FC00C6622D /* Products */ = {
			isa = PBXGroup;
			children = (
				F0229E151E1B69FC00C6622D /* SM Hacks.app */,
				F0229E2B1E1B69FC00C6622D /* SM HacksTests.xctest */,
				F0229E361E1B69FC00C6622D /* SM HacksUITests.xctest */,
			);
			name = Products;
			sourceTree = "<group>";
		};
		F0229E171E1B69FC00C6622D /* SM Hacks */ = {
			isa = PBXGroup;
			children = (
				F0F9553E1E1DC0BE00DFB739 /* GoogleService-Info.plist */,
				F0EF02731E1DA11400C5CFBA /* SM Hacks.entitlements */,
				F045A7DE1E1F59F100E2C0C7 /* floorplan.jpg */,
				F0071F751E1CE7E200148A72 /* floor-plan.png */,
				F0229E4C1E1B705300C6622D /* ScheduleViewController.swift */,
				F0CF2BAB1E1C5D9F0012245F /* DetailScheduleViewController.swift */,
				F0229E4F1E1B707F00C6622D /* HomeViewController.swift */,
				F0229E511E1B708F00C6622D /* UpdatesViewController.swift */,
				F0229E531E1B709700C6622D /* MapViewController.swift */,
				F0229E181E1B69FC00C6622D /* AppDelegate.swift */,
				F0229E1E1E1B69FC00C6622D /* Main.storyboard */,
				F0A2323A1E1C39F7009F6A7B /* TabController.swift */,
				F0229E211E1B69FC00C6622D /* Assets.xcassets */,
				F0229E231E1B69FC00C6622D /* LaunchScreen.storyboard */,
				F0229E261E1B69FC00C6622D /* Info.plist */,
			);
			path = "SM Hacks";
			sourceTree = "<group>";
		};
		F0229E2E1E1B69FC00C6622D /* SM HacksTests */ = {
			isa = PBXGroup;
			children = (
				F0229E2F1E1B69FC00C6622D /* SM_HacksTests.swift */,
				F0229E311E1B69FC00C6622D /* Info.plist */,
			);
			path = "SM HacksTests";
			sourceTree = "<group>";
		};
		F0229E391E1B69FC00C6622D /* SM HacksUITests */ = {
			isa = PBXGroup;
			children = (
				F0229E3A1E1B69FC00C6622D /* SM_HacksUITests.swift */,
				F0229E3C1E1B69FC00C6622D /* Info.plist */,
			);
			path = "SM HacksUITests";
			sourceTree = "<group>";
		};
		F0EF02741E1DA2CD00C5CFBA /* Frameworks */ = {
			isa = PBXGroup;
			children = (
				F045A7E21E1F627600E2C0C7 /* GoogleToolboxForMac.framework */,
				F045A7E01E1F620900E2C0C7 /* MapKit.framework */,
				F0F08D811E1E409D002B589D /* Alamofire.framework */,
				F0EF02751E1DA2CD00C5CFBA /* UserNotifications.framework */,
				DFCEFF0D56E2EEB64D97EB02 /* Pods_SM_Hacks.framework */,
				5C56D3F48119B403C51B8BEF /* Pods_SM_HacksTests.framework */,
				71B7F0E1F5BE1951D953B315 /* Pods_SM_HacksUITests.framework */,
			);
			name = Frameworks;
			sourceTree = "<group>";
		};
/* End PBXGroup section */

/* Begin PBXNativeTarget section */
		F0229E141E1B69FC00C6622D /* SM Hacks */ = {
			isa = PBXNativeTarget;
			buildConfigurationList = F0229E3F1E1B69FC00C6622D /* Build configuration list for PBXNativeTarget "SM Hacks" */;
			buildPhases = (
				E5ED46973AEFED35C9DFD2F2 /* [CP] Check Pods Manifest.lock */,
				F0229E111E1B69FC00C6622D /* Sources */,
				F0229E121E1B69FC00C6622D /* Frameworks */,
				F0229E131E1B69FC00C6622D /* Resources */,
				656A838B3D9E860967D1C4D9 /* [CP] Embed Pods Frameworks */,
				515D6B2007E12F2D1779956A /* [CP] Copy Pods Resources */,
			);
			buildRules = (
			);
			dependencies = (
			);
			name = "SM Hacks";
			productName = "SM Hacks";
			productReference = F0229E151E1B69FC00C6622D /* SM Hacks.app */;
			productType = "com.apple.product-type.application";
		};
		F0229E2A1E1B69FC00C6622D /* SM HacksTests */ = {
			isa = PBXNativeTarget;
			buildConfigurationList = F0229E421E1B69FC00C6622D /* Build configuration list for PBXNativeTarget "SM HacksTests" */;
			buildPhases = (
				567C406669A3FEFC523B557A /* [CP] Check Pods Manifest.lock */,
				F0229E271E1B69FC00C6622D /* Sources */,
				F0229E281E1B69FC00C6622D /* Frameworks */,
				F0229E291E1B69FC00C6622D /* Resources */,
				D585756B5D64762B3CC36F8E /* [CP] Embed Pods Frameworks */,
				B0EE2CF14E44EA32E06FD353 /* [CP] Copy Pods Resources */,
			);
			buildRules = (
			);
			dependencies = (
				F0229E2D1E1B69FC00C6622D /* PBXTargetDependency */,
			);
			name = "SM HacksTests";
			productName = "SM HacksTests";
			productReference = F0229E2B1E1B69FC00C6622D /* SM HacksTests.xctest */;
			productType = "com.apple.product-type.bundle.unit-test";
		};
		F0229E351E1B69FC00C6622D /* SM HacksUITests */ = {
			isa = PBXNativeTarget;
			buildConfigurationList = F0229E451E1B69FC00C6622D /* Build configuration list for PBXNativeTarget "SM HacksUITests" */;
			buildPhases = (
				918672DBB3B61754D4DE683C /* [CP] Check Pods Manifest.lock */,
				F0229E321E1B69FC00C6622D /* Sources */,
				F0229E331E1B69FC00C6622D /* Frameworks */,
				F0229E341E1B69FC00C6622D /* Resources */,
				CE5B37CAC3E0E42865E6B5F9 /* [CP] Embed Pods Frameworks */,
				F60223A704A340196E88A2D0 /* [CP] Copy Pods Resources */,
			);
			buildRules = (
			);
			dependencies = (
				F0229E381E1B69FC00C6622D /* PBXTargetDependency */,
			);
			name = "SM HacksUITests";
			productName = "SM HacksUITests";
			productReference = F0229E361E1B69FC00C6622D /* SM HacksUITests.xctest */;
			productType = "com.apple.product-type.bundle.ui-testing";
		};
/* End PBXNativeTarget section */

/* Begin PBXProject section */
		F0229E0D1E1B69FC00C6622D /* Project object */ = {
			isa = PBXProject;
			attributes = {
				LastSwiftUpdateCheck = 0820;
				LastUpgradeCheck = 0820;
				ORGANIZATIONNAME = "Cindy Zhang";
				TargetAttributes = {
					F0229E141E1B69FC00C6622D = {
						CreatedOnToolsVersion = 8.2.1;
						DevelopmentTeam = 5TXX25RVT2;
						ProvisioningStyle = Manual;
						SystemCapabilities = {
							com.apple.BackgroundModes = {
								enabled = 1;
							};
							com.apple.Maps.iOS = {
								enabled = 1;
							};
							com.apple.Push = {
								enabled = 1;
							};
						};
					};
					F0229E2A1E1B69FC00C6622D = {
						CreatedOnToolsVersion = 8.2.1;
						ProvisioningStyle = Automatic;
						TestTargetID = F0229E141E1B69FC00C6622D;
					};
					F0229E351E1B69FC00C6622D = {
						CreatedOnToolsVersion = 8.2.1;
						ProvisioningStyle = Automatic;
						TestTargetID = F0229E141E1B69FC00C6622D;
					};
				};
			};
			buildConfigurationList = F0229E101E1B69FC00C6622D /* Build configuration list for PBXProject "SM Hacks" */;
			compatibilityVersion = "Xcode 3.2";
			developmentRegion = English;
			hasScannedForEncodings = 0;
			knownRegions = (
				en,
				Base,
			);
			mainGroup = F0229E0C1E1B69FC00C6622D;
			productRefGroup = F0229E161E1B69FC00C6622D /* Products */;
			projectDirPath = "";
			projectRoot = "";
			targets = (
				F0229E141E1B69FC00C6622D /* SM Hacks */,
				F0229E2A1E1B69FC00C6622D /* SM HacksTests */,
				F0229E351E1B69FC00C6622D /* SM HacksUITests */,
			);
		};
/* End PBXProject section */

/* Begin PBXResourcesBuildPhase section */
		F0229E131E1B69FC00C6622D /* Resources */ = {
			isa = PBXResourcesBuildPhase;
			buildActionMask = 2147483647;
			files = (
				F0229E251E1B69FC00C6622D /* LaunchScreen.storyboard in Resources */,
				F0229E221E1B69FC00C6622D /* Assets.xcassets in Resources */,
				F0F9553F1E1DC0BE00DFB739 /* GoogleService-Info.plist in Resources */,
				F045A7DF1E1F59F100E2C0C7 /* floorplan.jpg in Resources */,
				F0229E201E1B69FC00C6622D /* Main.storyboard in Resources */,
				F0071F761E1CE7E200148A72 /* floor-plan.png in Resources */,
			);
			runOnlyForDeploymentPostprocessing = 0;
		};
		F0229E291E1B69FC00C6622D /* Resources */ = {
			isa = PBXResourcesBuildPhase;
			buildActionMask = 2147483647;
			files = (
			);
			runOnlyForDeploymentPostprocessing = 0;
		};
		F0229E341E1B69FC00C6622D /* Resources */ = {
			isa = PBXResourcesBuildPhase;
			buildActionMask = 2147483647;
			files = (
			);
			runOnlyForDeploymentPostprocessing = 0;
		};
/* End PBXResourcesBuildPhase section */

/* Begin PBXShellScriptBuildPhase section */
		515D6B2007E12F2D1779956A /* [CP] Copy Pods Resources */ = {
			isa = PBXShellScriptBuildPhase;
			buildActionMask = 2147483647;
			files = (
			);
			inputPaths = (
			);
			name = "[CP] Copy Pods Resources";
			outputPaths = (
			);
			runOnlyForDeploymentPostprocessing = 0;
			shellPath = /bin/sh;
			shellScript = "\"${SRCROOT}/Pods/Target Support Files/Pods-SM Hacks/Pods-SM Hacks-resources.sh\"\n";
			showEnvVarsInLog = 0;
		};
		567C406669A3FEFC523B557A /* [CP] Check Pods Manifest.lock */ = {
			isa = PBXShellScriptBuildPhase;
			buildActionMask = 2147483647;
			files = (
			);
			inputPaths = (
			);
			name = "[CP] Check Pods Manifest.lock";
			outputPaths = (
			);
			runOnlyForDeploymentPostprocessing = 0;
			shellPath = /bin/sh;
			shellScript = "diff \"${PODS_ROOT}/../Podfile.lock\" \"${PODS_ROOT}/Manifest.lock\" > /dev/null\nif [ $? != 0 ] ; then\n    # print error to STDERR\n    echo \"error: The sandbox is not in sync with the Podfile.lock. Run 'pod install' or update your CocoaPods installation.\" >&2\n    exit 1\nfi\n";
			showEnvVarsInLog = 0;
		};
		656A838B3D9E860967D1C4D9 /* [CP] Embed Pods Frameworks */ = {
			isa = PBXShellScriptBuildPhase;
			buildActionMask = 2147483647;
			files = (
			);
			inputPaths = (
			);
			name = "[CP] Embed Pods Frameworks";
			outputPaths = (
			);
			runOnlyForDeploymentPostprocessing = 0;
			shellPath = /bin/sh;
			shellScript = "\"${SRCROOT}/Pods/Target Support Files/Pods-SM Hacks/Pods-SM Hacks-frameworks.sh\"\n";
			showEnvVarsInLog = 0;
		};
		918672DBB3B61754D4DE683C /* [CP] Check Pods Manifest.lock */ = {
			isa = PBXShellScriptBuildPhase;
			buildActionMask = 2147483647;
			files = (
			);
			inputPaths = (
			);
			name = "[CP] Check Pods Manifest.lock";
			outputPaths = (
			);
			runOnlyForDeploymentPostprocessing = 0;
			shellPath = /bin/sh;
			shellScript = "diff \"${PODS_ROOT}/../Podfile.lock\" \"${PODS_ROOT}/Manifest.lock\" > /dev/null\nif [ $? != 0 ] ; then\n    # print error to STDERR\n    echo \"error: The sandbox is not in sync with the Podfile.lock. Run 'pod install' or update your CocoaPods installation.\" >&2\n    exit 1\nfi\n";
			showEnvVarsInLog = 0;
		};
		B0EE2CF14E44EA32E06FD353 /* [CP] Copy Pods Resources */ = {
			isa = PBXShellScriptBuildPhase;
			buildActionMask = 2147483647;
			files = (
			);
			inputPaths = (
			);
			name = "[CP] Copy Pods Resources";
			outputPaths = (
			);
			runOnlyForDeploymentPostprocessing = 0;
			shellPath = /bin/sh;
			shellScript = "\"${SRCROOT}/Pods/Target Support Files/Pods-SM HacksTests/Pods-SM HacksTests-resources.sh\"\n";
			showEnvVarsInLog = 0;
		};
		CE5B37CAC3E0E42865E6B5F9 /* [CP] Embed Pods Frameworks */ = {
			isa = PBXShellScriptBuildPhase;
			buildActionMask = 2147483647;
			files = (
			);
			inputPaths = (
			);
			name = "[CP] Embed Pods Frameworks";
			outputPaths = (
			);
			runOnlyForDeploymentPostprocessing = 0;
			shellPath = /bin/sh;
			shellScript = "\"${SRCROOT}/Pods/Target Support Files/Pods-SM HacksUITests/Pods-SM HacksUITests-frameworks.sh\"\n";
			showEnvVarsInLog = 0;
		};
		D585756B5D64762B3CC36F8E /* [CP] Embed Pods Frameworks */ = {
			isa = PBXShellScriptBuildPhase;
			buildActionMask = 2147483647;
			files = (
			);
			inputPaths = (
			);
			name = "[CP] Embed Pods Frameworks";
			outputPaths = (
			);
			runOnlyForDeploymentPostprocessing = 0;
			shellPath = /bin/sh;
			shellScript = "\"${SRCROOT}/Pods/Target Support Files/Pods-SM HacksTests/Pods-SM HacksTests-frameworks.sh\"\n";
			showEnvVarsInLog = 0;
		};
		E5ED46973AEFED35C9DFD2F2 /* [CP] Check Pods Manifest.lock */ = {
			isa = PBXShellScriptBuildPhase;
			buildActionMask = 2147483647;
			files = (
			);
			inputPaths = (
			);
			name = "[CP] Check Pods Manifest.lock";
			outputPaths = (
			);
			runOnlyForDeploymentPostprocessing = 0;
			shellPath = /bin/sh;
			shellScript = "diff \"${PODS_ROOT}/../Podfile.lock\" \"${PODS_ROOT}/Manifest.lock\" > /dev/null\nif [ $? != 0 ] ; then\n    # print error to STDERR\n    echo \"error: The sandbox is not in sync with the Podfile.lock. Run 'pod install' or update your CocoaPods installation.\" >&2\n    exit 1\nfi\n";
			showEnvVarsInLog = 0;
		};
		F60223A704A340196E88A2D0 /* [CP] Copy Pods Resources */ = {
			isa = PBXShellScriptBuildPhase;
			buildActionMask = 2147483647;
			files = (
			);
			inputPaths = (
			);
			name = "[CP] Copy Pods Resources";
			outputPaths = (
			);
			runOnlyForDeploymentPostprocessing = 0;
			shellPath = /bin/sh;
			shellScript = "\"${SRCROOT}/Pods/Target Support Files/Pods-SM HacksUITests/Pods-SM HacksUITests-resources.sh\"\n";
			showEnvVarsInLog = 0;
		};
/* End PBXShellScriptBuildPhase section */

/* Begin PBXSourcesBuildPhase section */
		F0229E111E1B69FC00C6622D /* Sources */ = {
			isa = PBXSourcesBuildPhase;
			buildActionMask = 2147483647;
			files = (
				F0CF2BAC1E1C5D9F0012245F /* DetailScheduleViewController.swift in Sources */,
				F0A2323B1E1C39F7009F6A7B /* TabController.swift in Sources */,
				F0229E191E1B69FC00C6622D /* AppDelegate.swift in Sources */,
				F0229E4D1E1B705400C6622D /* ScheduleViewController.swift in Sources */,
				F0229E501E1B707F00C6622D /* HomeViewController.swift in Sources */,
				F0229E541E1B709700C6622D /* MapViewController.swift in Sources */,
				F0229E521E1B708F00C6622D /* UpdatesViewController.swift in Sources */,
			);
			runOnlyForDeploymentPostprocessing = 0;
		};
		F0229E271E1B69FC00C6622D /* Sources */ = {
			isa = PBXSourcesBuildPhase;
			buildActionMask = 2147483647;
			files = (
				F0229E301E1B69FC00C6622D /* SM_HacksTests.swift in Sources */,
			);
			runOnlyForDeploymentPostprocessing = 0;
		};
		F0229E321E1B69FC00C6622D /* Sources */ = {
			isa = PBXSourcesBuildPhase;
			buildActionMask = 2147483647;
			files = (
				F0229E3B1E1B69FC00C6622D /* SM_HacksUITests.swift in Sources */,
			);
			runOnlyForDeploymentPostprocessing = 0;
		};
/* End PBXSourcesBuildPhase section */

/* Begin PBXTargetDependency section */
		F0229E2D1E1B69FC00C6622D /* PBXTargetDependency */ = {
			isa = PBXTargetDependency;
			target = F0229E141E1B69FC00C6622D /* SM Hacks */;
			targetProxy = F0229E2C1E1B69FC00C6622D /* PBXContainerItemProxy */;
		};
		F0229E381E1B69FC00C6622D /* PBXTargetDependency */ = {
			isa = PBXTargetDependency;
			target = F0229E141E1B69FC00C6622D /* SM Hacks */;
			targetProxy = F0229E371E1B69FC00C6622D /* PBXContainerItemProxy */;
		};
/* End PBXTargetDependency section */

/* Begin PBXVariantGroup section */
		F0229E1E1E1B69FC00C6622D /* Main.storyboard */ = {
			isa = PBXVariantGroup;
			children = (
				F0229E1F1E1B69FC00C6622D /* Base */,
			);
			name = Main.storyboard;
			sourceTree = "<group>";
		};
		F0229E231E1B69FC00C6622D /* LaunchScreen.storyboard */ = {
			isa = PBXVariantGroup;
			children = (
				F0229E241E1B69FC00C6622D /* Base */,
			);
			name = LaunchScreen.storyboard;
			sourceTree = "<group>";
		};
/* End PBXVariantGroup section */

/* Begin XCBuildConfiguration section */
		F0229E3D1E1B69FC00C6622D /* Debug */ = {
			isa = XCBuildConfiguration;
			buildSettings = {
				ALWAYS_SEARCH_USER_PATHS = NO;
				CLANG_ANALYZER_NONNULL = YES;
				CLANG_CXX_LANGUAGE_STANDARD = "gnu++0x";
				CLANG_CXX_LIBRARY = "libc++";
				CLANG_ENABLE_MODULES = YES;
				CLANG_ENABLE_OBJC_ARC = YES;
				CLANG_WARN_BOOL_CONVERSION = YES;
				CLANG_WARN_CONSTANT_CONVERSION = YES;
				CLANG_WARN_DIRECT_OBJC_ISA_USAGE = YES_ERROR;
				CLANG_WARN_DOCUMENTATION_COMMENTS = YES;
				CLANG_WARN_EMPTY_BODY = YES;
				CLANG_WARN_ENUM_CONVERSION = YES;
				CLANG_WARN_INFINITE_RECURSION = YES;
				CLANG_WARN_INT_CONVERSION = YES;
				CLANG_WARN_OBJC_ROOT_CLASS = YES_ERROR;
				CLANG_WARN_SUSPICIOUS_MOVE = YES;
				CLANG_WARN_UNREACHABLE_CODE = YES;
				CLANG_WARN__DUPLICATE_METHOD_MATCH = YES;
				"CODE_SIGN_IDENTITY[sdk=iphoneos*]" = "iPhone Developer";
				COPY_PHASE_STRIP = NO;
				DEBUG_INFORMATION_FORMAT = dwarf;
				ENABLE_STRICT_OBJC_MSGSEND = YES;
				ENABLE_TESTABILITY = YES;
				GCC_C_LANGUAGE_STANDARD = gnu99;
				GCC_DYNAMIC_NO_PIC = NO;
				GCC_NO_COMMON_BLOCKS = YES;
				GCC_OPTIMIZATION_LEVEL = 0;
				GCC_PREPROCESSOR_DEFINITIONS = (
					"DEBUG=1",
					"$(inherited)",
				);
				GCC_WARN_64_TO_32_BIT_CONVERSION = YES;
				GCC_WARN_ABOUT_RETURN_TYPE = YES_ERROR;
				GCC_WARN_UNDECLARED_SELECTOR = YES;
				GCC_WARN_UNINITIALIZED_AUTOS = YES_AGGRESSIVE;
				GCC_WARN_UNUSED_FUNCTION = YES;
				GCC_WARN_UNUSED_VARIABLE = YES;
				IPHONEOS_DEPLOYMENT_TARGET = 9.0;
				MTL_ENABLE_DEBUG_INFO = YES;
				ONLY_ACTIVE_ARCH = YES;
				SDKROOT = iphoneos;
				SWIFT_ACTIVE_COMPILATION_CONDITIONS = DEBUG;
				SWIFT_OPTIMIZATION_LEVEL = "-Onone";
			};
			name = Debug;
		};
		F0229E3E1E1B69FC00C6622D /* Release */ = {
			isa = XCBuildConfiguration;
			buildSettings = {
				ALWAYS_SEARCH_USER_PATHS = NO;
				CLANG_ANALYZER_NONNULL = YES;
				CLANG_CXX_LANGUAGE_STANDARD = "gnu++0x";
				CLANG_CXX_LIBRARY = "libc++";
				CLANG_ENABLE_MODULES = YES;
				CLANG_ENABLE_OBJC_ARC = YES;
				CLANG_WARN_BOOL_CONVERSION = YES;
				CLANG_WARN_CONSTANT_CONVERSION = YES;
				CLANG_WARN_DIRECT_OBJC_ISA_USAGE = YES_ERROR;
				CLANG_WARN_DOCUMENTATION_COMMENTS = YES;
				CLANG_WARN_EMPTY_BODY = YES;
				CLANG_WARN_ENUM_CONVERSION = YES;
				CLANG_WARN_INFINITE_RECURSION = YES;
				CLANG_WARN_INT_CONVERSION = YES;
				CLANG_WARN_OBJC_ROOT_CLASS = YES_ERROR;
				CLANG_WARN_SUSPICIOUS_MOVE = YES;
				CLANG_WARN_UNREACHABLE_CODE = YES;
				CLANG_WARN__DUPLICATE_METHOD_MATCH = YES;
				"CODE_SIGN_IDENTITY[sdk=iphoneos*]" = "iPhone Developer";
				COPY_PHASE_STRIP = NO;
				DEBUG_INFORMATION_FORMAT = "dwarf-with-dsym";
				ENABLE_NS_ASSERTIONS = NO;
				ENABLE_STRICT_OBJC_MSGSEND = YES;
				GCC_C_LANGUAGE_STANDARD = gnu99;
				GCC_NO_COMMON_BLOCKS = YES;
				GCC_WARN_64_TO_32_BIT_CONVERSION = YES;
				GCC_WARN_ABOUT_RETURN_TYPE = YES_ERROR;
				GCC_WARN_UNDECLARED_SELECTOR = YES;
				GCC_WARN_UNINITIALIZED_AUTOS = YES_AGGRESSIVE;
				GCC_WARN_UNUSED_FUNCTION = YES;
				GCC_WARN_UNUSED_VARIABLE = YES;
				IPHONEOS_DEPLOYMENT_TARGET = 9.0;
				MTL_ENABLE_DEBUG_INFO = NO;
				SDKROOT = iphoneos;
				SWIFT_OPTIMIZATION_LEVEL = "-Owholemodule";
				VALIDATE_PRODUCT = YES;
			};
			name = Release;
		};
		F0229E401E1B69FC00C6622D /* Debug */ = {
			isa = XCBuildConfiguration;
			baseConfigurationReference = B8C88BFF87AC39B90015D8AC /* Pods-SM Hacks.debug.xcconfig */;
			buildSettings = {
				ASSETCATALOG_COMPILER_APPICON_NAME = AppIcon;
				CODE_SIGN_ENTITLEMENTS = "SM Hacks/SM Hacks.entitlements";
				DEVELOPMENT_TEAM = 5TXX25RVT2;
				INFOPLIST_FILE = "SM Hacks/Info.plist";
				IPHONEOS_DEPLOYMENT_TARGET = 9.0;
				LD_RUNPATH_SEARCH_PATHS = "$(inherited) @executable_path/Frameworks";
				PRODUCT_BUNDLE_IDENTIFIER = "cindy.SM-Hacks";
				PRODUCT_NAME = "$(TARGET_NAME)";
				PROVISIONING_PROFILE = "ec7c7bd0-1d21-40bf-aa4e-672f87a08137";
				PROVISIONING_PROFILE_SPECIFIER = "prov-smhacks-dev";
				SWIFT_VERSION = 3.0;
			};
			name = Debug;
		};
		F0229E411E1B69FC00C6622D /* Release */ = {
			isa = XCBuildConfiguration;
			baseConfigurationReference = 13B672144CC6EDE5DB653B84 /* Pods-SM Hacks.release.xcconfig */;
			buildSettings = {
				ASSETCATALOG_COMPILER_APPICON_NAME = AppIcon;
				CODE_SIGN_ENTITLEMENTS = "SM Hacks/SM Hacks.entitlements";
				DEVELOPMENT_TEAM = 5TXX25RVT2;
				INFOPLIST_FILE = "SM Hacks/Info.plist";
				IPHONEOS_DEPLOYMENT_TARGET = 9.0;
				LD_RUNPATH_SEARCH_PATHS = "$(inherited) @executable_path/Frameworks";
				PRODUCT_BUNDLE_IDENTIFIER = "cindy.SM-Hacks";
				PRODUCT_NAME = "$(TARGET_NAME)";
				PROVISIONING_PROFILE = "ec7c7bd0-1d21-40bf-aa4e-672f87a08137";
				PROVISIONING_PROFILE_SPECIFIER = "prov-smhacks-dev";
				SWIFT_VERSION = 3.0;
			};
			name = Release;
		};
		F0229E431E1B69FC00C6622D /* Debug */ = {
			isa = XCBuildConfiguration;
			baseConfigurationReference = 0E015BE87C7966C500DA36E1 /* Pods-SM HacksTests.debug.xcconfig */;
			buildSettings = {
				ALWAYS_EMBED_SWIFT_STANDARD_LIBRARIES = YES;
				BUNDLE_LOADER = "$(TEST_HOST)";
				INFOPLIST_FILE = "SM HacksTests/Info.plist";
				LD_RUNPATH_SEARCH_PATHS = "$(inherited) @executable_path/Frameworks @loader_path/Frameworks";
				PRODUCT_BUNDLE_IDENTIFIER = "cindyzhang.SM-HacksTests";
				PRODUCT_NAME = "$(TARGET_NAME)";
				SWIFT_VERSION = 3.0;
				TEST_HOST = "$(BUILT_PRODUCTS_DIR)/SM Hacks.app/SM Hacks";
			};
			name = Debug;
		};
		F0229E441E1B69FC00C6622D /* Release */ = {
			isa = XCBuildConfiguration;
			baseConfigurationReference = FCA86D849A700800E3914017 /* Pods-SM HacksTests.release.xcconfig */;
			buildSettings = {
				ALWAYS_EMBED_SWIFT_STANDARD_LIBRARIES = YES;
				BUNDLE_LOADER = "$(TEST_HOST)";
				INFOPLIST_FILE = "SM HacksTests/Info.plist";
				LD_RUNPATH_SEARCH_PATHS = "$(inherited) @executable_path/Frameworks @loader_path/Frameworks";
				PRODUCT_BUNDLE_IDENTIFIER = "cindyzhang.SM-HacksTests";
				PRODUCT_NAME = "$(TARGET_NAME)";
				SWIFT_VERSION = 3.0;
				TEST_HOST = "$(BUILT_PRODUCTS_DIR)/SM Hacks.app/SM Hacks";
			};
			name = Release;
		};
		F0229E461E1B69FC00C6622D /* Debug */ = {
			isa = XCBuildConfiguration;
			baseConfigurationReference = B23723B8A1D3F79614C393C2 /* Pods-SM HacksUITests.debug.xcconfig */;
			buildSettings = {
				ALWAYS_EMBED_SWIFT_STANDARD_LIBRARIES = YES;
				INFOPLIST_FILE = "SM HacksUITests/Info.plist";
				LD_RUNPATH_SEARCH_PATHS = "$(inherited) @executable_path/Frameworks @loader_path/Frameworks";
				PRODUCT_BUNDLE_IDENTIFIER = "cindyzhang.SM-HacksUITests";
				PRODUCT_NAME = "$(TARGET_NAME)";
				SWIFT_VERSION = 3.0;
				TEST_TARGET_NAME = "SM Hacks";
			};
			name = Debug;
		};
		F0229E471E1B69FC00C6622D /* Release */ = {
			isa = XCBuildConfiguration;
			baseConfigurationReference = 2738F4D1DB8DBC99BF09E149 /* Pods-SM HacksUITests.release.xcconfig */;
			buildSettings = {
				ALWAYS_EMBED_SWIFT_STANDARD_LIBRARIES = YES;
				INFOPLIST_FILE = "SM HacksUITests/Info.plist";
				LD_RUNPATH_SEARCH_PATHS = "$(inherited) @executable_path/Frameworks @loader_path/Frameworks";
				PRODUCT_BUNDLE_IDENTIFIER = "cindyzhang.SM-HacksUITests";
				PRODUCT_NAME = "$(TARGET_NAME)";
				SWIFT_VERSION = 3.0;
				TEST_TARGET_NAME = "SM Hacks";
			};
			name = Release;
		};
/* End XCBuildConfiguration section */

/* Begin XCConfigurationList section */
		F0229E101E1B69FC00C6622D /* Build configuration list for PBXProject "SM Hacks" */ = {
			isa = XCConfigurationList;
			buildConfigurations = (
				F0229E3D1E1B69FC00C6622D /* Debug */,
				F0229E3E1E1B69FC00C6622D /* Release */,
			);
			defaultConfigurationIsVisible = 0;
			defaultConfigurationName = Release;
		};
		F0229E3F1E1B69FC00C6622D /* Build configuration list for PBXNativeTarget "SM Hacks" */ = {
			isa = XCConfigurationList;
			buildConfigurations = (
				F0229E401E1B69FC00C6622D /* Debug */,
				F0229E411E1B69FC00C6622D /* Release */,
			);
			defaultConfigurationIsVisible = 0;
			defaultConfigurationName = Release;
		};
		F0229E421E1B69FC00C6622D /* Build configuration list for PBXNativeTarget "SM HacksTests" */ = {
			isa = XCConfigurationList;
			buildConfigurations = (
				F0229E431E1B69FC00C6622D /* Debug */,
				F0229E441E1B69FC00C6622D /* Release */,
			);
			defaultConfigurationIsVisible = 0;
			defaultConfigurationName = Release;
		};
		F0229E451E1B69FC00C6622D /* Build configuration list for PBXNativeTarget "SM HacksUITests" */ = {
			isa = XCConfigurationList;
			buildConfigurations = (
				F0229E461E1B69FC00C6622D /* Debug */,
				F0229E471E1B69FC00C6622D /* Release */,
			);
			defaultConfigurationIsVisible = 0;
			defaultConfigurationName = Release;
		};
/* End XCConfigurationList section */
	};
	rootObject = F0229E0D1E1B69FC00C6622D /* Project object */;
}
